
Microsoft Visual Studio Solution File, Format Version 12.00
# Visual Studio Version 16
VisualStudioVersion = 16.0.810.19
MinimumVisualStudioVersion = 10.0.40219.1
Project("{FAE04EC0-301F-11D3-BF4B-00C04F79EFBC}") = "prvi", "prvi\prvi.csproj", "{2AECCD02-9F16-4BA1-8330-8AA1F42AB43B}"
EndProject
Global
	GlobalSection(SolutionConfigurationPlatforms) = preSolution
		Debug|Any CPU = Debug|Any CPU
		Release|Any CPU = Release|Any CPU
	EndGlobalSection
	GlobalSection(ProjectConfigurationPlatforms) = postSolution
		{2AECCD02-9F16-4BA1-8330-8AA1F42AB43B}.Debug|Any CPU.ActiveCfg = Debug|Any CPU
		{2AECCD02-9F16-4BA1-8330-8AA1F42AB43B}.Debug|Any CPU.Build.0 = Debug|Any CPU
		{2AECCD02-9F16-4BA1-8330-8AA1F42AB43B}.Release|Any CPU.ActiveCfg = Release|Any CPU
		{2AECCD02-9F16-4BA1-8330-8AA1F42AB43B}.Release|Any CPU.Build.0 = Release|Any CPU
	EndGlobalSection
	GlobalSection(SolutionProperties) = preSolution
		HideSolutionNode = FALSE
	EndGlobalSection
	GlobalSection(ExtensibilityGlobals) = postSolution
		SolutionGuid = {95AB3658-1E1E-48C8-8454-545FEE6E4CDA}
	EndGlobalSection
EndGlobal
